
Microsoft Visual Studio Solution File, Format Version 12.00
# Visual Studio Version 17
VisualStudioVersion = 17.3.32901.215
MinimumVisualStudioVersion = 10.0.40219.1
Project("{FAE04EC0-301F-11D3-BF4B-00C04F79EFBC}") = "Heyctiemel1", "WebApplication1weew\Heyctiemel1.csproj", "{4C32555A-3EC1-43CD-831E-131CFC9F42CF}"
EndProject
Global
	GlobalSection(SolutionConfigurationPlatforms) = preSolution
		Debug|Any CPU = Debug|Any CPU
		Release|Any CPU = Release|Any CPU
	EndGlobalSection
	GlobalSection(ProjectConfigurationPlatforms) = postSolution
		{4C32555A-3EC1-43CD-831E-131CFC9F42CF}.Debug|Any CPU.ActiveCfg = Debug|Any CPU
		{4C32555A-3EC1-43CD-831E-131CFC9F42CF}.Debug|Any CPU.Build.0 = Debug|Any CPU
		{4C32555A-3EC1-43CD-831E-131CFC9F42CF}.Release|Any CPU.ActiveCfg = Release|Any CPU
		{4C32555A-3EC1-43CD-831E-131CFC9F42CF}.Release|Any CPU.Build.0 = Release|Any CPU
	EndGlobalSection
	GlobalSection(SolutionProperties) = preSolution
		HideSolutionNode = FALSE
	EndGlobalSection
	GlobalSection(ExtensibilityGlobals) = postSolution
		SolutionGuid = {4DB8BA1E-1468-4A05-B918-525D2E3C4610}
	EndGlobalSection
EndGlobal
